
Microsoft Visual Studio Solution File, Format Version 12.00
# Visual Studio Version 17
VisualStudioVersion = 17.13.35931.197 d17.13
MinimumVisualStudioVersion = 10.0.40219.1
Project("{FAE04EC0-301F-11D3-BF4B-00C04F79EFBC}") = "AdventureGame", "AdventureGame\AdventureGame.csproj", "{82793720-7D52-4870-938E-B07FE1B69F07}"
EndProject
Project("{FAE04EC0-301F-11D3-BF4B-00C04F79EFBC}") = "Tests", "Tests\Tests.csproj", "{F0EC2C38-422B-4248-88CA-19A404FCF7FF}"
EndProject
Global
	GlobalSection(SolutionConfigurationPlatforms) = preSolution
		Debug|Any CPU = Debug|Any CPU
		Release|Any CPU = Release|Any CPU
	EndGlobalSection
	GlobalSection(ProjectConfigurationPlatforms) = postSolution
		{82793720-7D52-4870-938E-B07FE1B69F07}.Debug|Any CPU.ActiveCfg = Debug|Any CPU
		{82793720-7D52-4870-938E-B07FE1B69F07}.Debug|Any CPU.Build.0 = Debug|Any CPU
		{82793720-7D52-4870-938E-B07FE1B69F07}.Release|Any CPU.ActiveCfg = Release|Any CPU
		{82793720-7D52-4870-938E-B07FE1B69F07}.Release|Any CPU.Build.0 = Release|Any CPU
		{F0EC2C38-422B-4248-88CA-19A404FCF7FF}.Debug|Any CPU.ActiveCfg = Debug|Any CPU
		{F0EC2C38-422B-4248-88CA-19A404FCF7FF}.Debug|Any CPU.Build.0 = Debug|Any CPU
		{F0EC2C38-422B-4248-88CA-19A404FCF7FF}.Release|Any CPU.ActiveCfg = Release|Any CPU
		{F0EC2C38-422B-4248-88CA-19A404FCF7FF}.Release|Any CPU.Build.0 = Release|Any CPU
	EndGlobalSection
	GlobalSection(SolutionProperties) = preSolution
		HideSolutionNode = FALSE
	EndGlobalSection
	GlobalSection(ExtensibilityGlobals) = postSolution
		SolutionGuid = {F8E99897-6964-4BCA-BCA9-63B56F4FBB26}
	EndGlobalSection
EndGlobal
